
Microsoft Visual Studio Solution File, Format Version 12.00
# Visual Studio Version 16
VisualStudioVersion = 16.0.31911.196
MinimumVisualStudioVersion = 10.0.40219.1
Project("{FAE04EC0-301F-11D3-BF4B-00C04F79EFBC}") = "ConsoleApp1", "ConsoleApp1\ConsoleApp1.csproj", "{D98EF9B2-9907-4F2D-877D-1CC83906EF4D}"
EndProject
Project("{FAE04EC0-301F-11D3-BF4B-00C04F79EFBC}") = "HOF example", "HOF example\HOF example.csproj", "{1AFD4C27-231E-4F89-B238-60F4960CCC02}"
EndProject
Global
	GlobalSection(SolutionConfigurationPlatforms) = preSolution
		Debug|Any CPU = Debug|Any CPU
		Release|Any CPU = Release|Any CPU
	EndGlobalSection
	GlobalSection(ProjectConfigurationPlatforms) = postSolution
		{D98EF9B2-9907-4F2D-877D-1CC83906EF4D}.Debug|Any CPU.ActiveCfg = Debug|Any CPU
		{D98EF9B2-9907-4F2D-877D-1CC83906EF4D}.Debug|Any CPU.Build.0 = Debug|Any CPU
		{D98EF9B2-9907-4F2D-877D-1CC83906EF4D}.Release|Any CPU.ActiveCfg = Release|Any CPU
		{D98EF9B2-9907-4F2D-877D-1CC83906EF4D}.Release|Any CPU.Build.0 = Release|Any CPU
		{1AFD4C27-231E-4F89-B238-60F4960CCC02}.Debug|Any CPU.ActiveCfg = Debug|Any CPU
		{1AFD4C27-231E-4F89-B238-60F4960CCC02}.Debug|Any CPU.Build.0 = Debug|Any CPU
		{1AFD4C27-231E-4F89-B238-60F4960CCC02}.Release|Any CPU.ActiveCfg = Release|Any CPU
		{1AFD4C27-231E-4F89-B238-60F4960CCC02}.Release|Any CPU.Build.0 = Release|Any CPU
	EndGlobalSection
	GlobalSection(SolutionProperties) = preSolution
		HideSolutionNode = FALSE
	EndGlobalSection
	GlobalSection(ExtensibilityGlobals) = postSolution
		SolutionGuid = {1BCA4E21-E6DE-45F3-BCB9-2E218F7D6D0B}
	EndGlobalSection
EndGlobal
